
Microsoft Visual Studio Solution File, Format Version 12.00
# Visual Studio 15
VisualStudioVersion = 15.0.26430.12
MinimumVisualStudioVersion = 10.0.40219.1
Project("{8BC9CEB8-8B4A-11D0-8D11-00A0C91BC942}") = "CAD", "CAD\CAD.vcxproj", "{C653F3A6-5259-4200-82AA-4D8E741FB28D}"
EndProject
Project("{2150E333-8FDC-42A3-9474-1A3956D46DE8}") = "Solution Items", "Solution Items", "{570C0DE4-CD93-4727-A689-43220ECC780E}"
EndProject
Global
	GlobalSection(SolutionConfigurationPlatforms) = preSolution
		Debug|x64 = Debug|x64
		Debug|x86 = Debug|x86
		Release|x64 = Release|x64
		Release|x86 = Release|x86
	EndGlobalSection
	GlobalSection(ProjectConfigurationPlatforms) = postSolution
		{C653F3A6-5259-4200-82AA-4D8E741FB28D}.Debug|x64.ActiveCfg = Debug|x64
		{C653F3A6-5259-4200-82AA-4D8E741FB28D}.Debug|x64.Build.0 = Debug|x64
		{C653F3A6-5259-4200-82AA-4D8E741FB28D}.Debug|x86.ActiveCfg = Debug|Win32
		{C653F3A6-5259-4200-82AA-4D8E741FB28D}.Debug|x86.Build.0 = Debug|Win32
		{C653F3A6-5259-4200-82AA-4D8E741FB28D}.Release|x64.ActiveCfg = Release|x64
		{C653F3A6-5259-4200-82AA-4D8E741FB28D}.Release|x64.Build.0 = Release|x64
		{C653F3A6-5259-4200-82AA-4D8E741FB28D}.Release|x86.ActiveCfg = Release|Win32
		{C653F3A6-5259-4200-82AA-4D8E741FB28D}.Release|x86.Build.0 = Release|Win32
	EndGlobalSection
	GlobalSection(SolutionProperties) = preSolution
		HideSolutionNode = FALSE
	EndGlobalSection
	GlobalSection(ExtensibilityGlobals) = postSolution
		        SolutionGuid = {7F40E5CD-9988-447B-8D75-79E6BD17CEBA}
		SolutionGuid = {05E36908-36F3-4865-89E4-215C323D2381}
	EndGlobalSection
EndGlobal
